
Microsoft Visual Studio Solution File, Format Version 12.00
# Visual Studio Version 17
VisualStudioVersion = 17.9.34622.214
MinimumVisualStudioVersion = 10.0.40219.1
Project("{9A19103F-16F7-4668-BE54-9A1E7A4F7556}") = "ReadyTechTeaPotRESTAPI", "ReadyTechTeaPotRESTAPI\ReadyTechTeaPotRESTAPI.csproj", "{E425D361-C5C1-412C-947D-903819400B8B}"
EndProject
Project("{9A19103F-16F7-4668-BE54-9A1E7A4F7556}") = "ReadyTechTeaPotRESTAPI.Tests", "ReadyTechTeaPotRESTAPI.Unit_Tests\ReadyTechTeaPotRESTAPI.Tests.csproj", "{E9CCC6D8-4CF3-4534-9F48-F4E2920646D9}"
EndProject
Project("{9A19103F-16F7-4668-BE54-9A1E7A4F7556}") = "ReadyTechTeaPotRESTAPI.Integration_Tests", "ReadyTechTeaPotRESTAPI.Integration_Tests\ReadyTechTeaPotRESTAPI.Integration_Tests.csproj", "{EEAE6ABB-C2AE-48B9-8492-FC908C18661F}"
EndProject
Global
	GlobalSection(SolutionConfigurationPlatforms) = preSolution
		Debug|Any CPU = Debug|Any CPU
		Release|Any CPU = Release|Any CPU
	EndGlobalSection
	GlobalSection(ProjectConfigurationPlatforms) = postSolution
		{E425D361-C5C1-412C-947D-903819400B8B}.Debug|Any CPU.ActiveCfg = Debug|Any CPU
		{E425D361-C5C1-412C-947D-903819400B8B}.Debug|Any CPU.Build.0 = Debug|Any CPU
		{E425D361-C5C1-412C-947D-903819400B8B}.Release|Any CPU.ActiveCfg = Release|Any CPU
		{E425D361-C5C1-412C-947D-903819400B8B}.Release|Any CPU.Build.0 = Release|Any CPU
		{E9CCC6D8-4CF3-4534-9F48-F4E2920646D9}.Debug|Any CPU.ActiveCfg = Debug|Any CPU
		{E9CCC6D8-4CF3-4534-9F48-F4E2920646D9}.Debug|Any CPU.Build.0 = Debug|Any CPU
		{E9CCC6D8-4CF3-4534-9F48-F4E2920646D9}.Release|Any CPU.ActiveCfg = Release|Any CPU
		{E9CCC6D8-4CF3-4534-9F48-F4E2920646D9}.Release|Any CPU.Build.0 = Release|Any CPU
		{EEAE6ABB-C2AE-48B9-8492-FC908C18661F}.Debug|Any CPU.ActiveCfg = Debug|Any CPU
		{EEAE6ABB-C2AE-48B9-8492-FC908C18661F}.Debug|Any CPU.Build.0 = Debug|Any CPU
		{EEAE6ABB-C2AE-48B9-8492-FC908C18661F}.Release|Any CPU.ActiveCfg = Release|Any CPU
		{EEAE6ABB-C2AE-48B9-8492-FC908C18661F}.Release|Any CPU.Build.0 = Release|Any CPU
	EndGlobalSection
	GlobalSection(SolutionProperties) = preSolution
		HideSolutionNode = FALSE
	EndGlobalSection
	GlobalSection(ExtensibilityGlobals) = postSolution
		SolutionGuid = {DADCCAD2-4502-4E4D-8049-2979A44CB142}
	EndGlobalSection
EndGlobal
